
Microsoft Visual Studio Solution File, Format Version 12.00
# Visual Studio Version 16
VisualStudioVersion = 16.0.29409.12
MinimumVisualStudioVersion = 10.0.40219.1
Project("{FAE04EC0-301F-11D3-BF4B-00C04F79EFBC}") = "DAL", "DAL\DAL.csproj", "{74A1867B-F010-4C72-A442-47F56C18A63D}"
EndProject
Project("{FAE04EC0-301F-11D3-BF4B-00C04F79EFBC}") = "DTO", "DTO\DTO.csproj", "{B3023A2F-A550-4336-A6F6-51571EC596E9}"
EndProject
Project("{FAE04EC0-301F-11D3-BF4B-00C04F79EFBC}") = "MainMenu", "Console\MainMenu.csproj", "{8186E206-2AA7-40F1-8551-56DC0235DC88}"
EndProject
Project("{FAE04EC0-301F-11D3-BF4B-00C04F79EFBC}") = "DAL.Tests", "DalTest\DAL.Tests.csproj", "{3C4C9CA9-6992-4BB8-BD65-360511B795F2}"
EndProject
Project("{2150E333-8FDC-42A3-9474-1A3956D46DE8}") = "Test", "Test", "{A4F55B8A-413B-49E8-B2C9-22F2A2ED7EF2}"
EndProject
Project("{FAE04EC0-301F-11D3-BF4B-00C04F79EFBC}") = "BusinesLogic.Test", "BusinesLogic.Test\BusinesLogic.Test.csproj", "{121DB202-6FA9-47E3-8E1D-CFB15FC61640}"
EndProject
Project("{FAE04EC0-301F-11D3-BF4B-00C04F79EFBC}") = "BusinessLogic", "BusinessLogic\BusinessLogic.csproj", "{CE911805-0287-45CE-85C7-8F410D82350E}"
EndProject
Global
	GlobalSection(SolutionConfigurationPlatforms) = preSolution
		Debug|Any CPU = Debug|Any CPU
		Release|Any CPU = Release|Any CPU
	EndGlobalSection
	GlobalSection(ProjectConfigurationPlatforms) = postSolution
		{74A1867B-F010-4C72-A442-47F56C18A63D}.Debug|Any CPU.ActiveCfg = Debug|Any CPU
		{74A1867B-F010-4C72-A442-47F56C18A63D}.Debug|Any CPU.Build.0 = Debug|Any CPU
		{74A1867B-F010-4C72-A442-47F56C18A63D}.Release|Any CPU.ActiveCfg = Release|Any CPU
		{74A1867B-F010-4C72-A442-47F56C18A63D}.Release|Any CPU.Build.0 = Release|Any CPU
		{B3023A2F-A550-4336-A6F6-51571EC596E9}.Debug|Any CPU.ActiveCfg = Debug|Any CPU
		{B3023A2F-A550-4336-A6F6-51571EC596E9}.Debug|Any CPU.Build.0 = Debug|Any CPU
		{B3023A2F-A550-4336-A6F6-51571EC596E9}.Release|Any CPU.ActiveCfg = Release|Any CPU
		{B3023A2F-A550-4336-A6F6-51571EC596E9}.Release|Any CPU.Build.0 = Release|Any CPU
		{8186E206-2AA7-40F1-8551-56DC0235DC88}.Debug|Any CPU.ActiveCfg = Debug|Any CPU
		{8186E206-2AA7-40F1-8551-56DC0235DC88}.Debug|Any CPU.Build.0 = Debug|Any CPU
		{8186E206-2AA7-40F1-8551-56DC0235DC88}.Release|Any CPU.ActiveCfg = Release|Any CPU
		{8186E206-2AA7-40F1-8551-56DC0235DC88}.Release|Any CPU.Build.0 = Release|Any CPU
		{3C4C9CA9-6992-4BB8-BD65-360511B795F2}.Debug|Any CPU.ActiveCfg = Debug|Any CPU
		{3C4C9CA9-6992-4BB8-BD65-360511B795F2}.Debug|Any CPU.Build.0 = Debug|Any CPU
		{3C4C9CA9-6992-4BB8-BD65-360511B795F2}.Release|Any CPU.ActiveCfg = Release|Any CPU
		{3C4C9CA9-6992-4BB8-BD65-360511B795F2}.Release|Any CPU.Build.0 = Release|Any CPU
		{121DB202-6FA9-47E3-8E1D-CFB15FC61640}.Debug|Any CPU.ActiveCfg = Debug|Any CPU
		{121DB202-6FA9-47E3-8E1D-CFB15FC61640}.Debug|Any CPU.Build.0 = Debug|Any CPU
		{121DB202-6FA9-47E3-8E1D-CFB15FC61640}.Release|Any CPU.ActiveCfg = Release|Any CPU
		{121DB202-6FA9-47E3-8E1D-CFB15FC61640}.Release|Any CPU.Build.0 = Release|Any CPU
		{CE911805-0287-45CE-85C7-8F410D82350E}.Debug|Any CPU.ActiveCfg = Debug|Any CPU
		{CE911805-0287-45CE-85C7-8F410D82350E}.Debug|Any CPU.Build.0 = Debug|Any CPU
		{CE911805-0287-45CE-85C7-8F410D82350E}.Release|Any CPU.ActiveCfg = Release|Any CPU
		{CE911805-0287-45CE-85C7-8F410D82350E}.Release|Any CPU.Build.0 = Release|Any CPU
	EndGlobalSection
	GlobalSection(SolutionProperties) = preSolution
		HideSolutionNode = FALSE
	EndGlobalSection
	GlobalSection(NestedProjects) = preSolution
		{3C4C9CA9-6992-4BB8-BD65-360511B795F2} = {A4F55B8A-413B-49E8-B2C9-22F2A2ED7EF2}
		{121DB202-6FA9-47E3-8E1D-CFB15FC61640} = {A4F55B8A-413B-49E8-B2C9-22F2A2ED7EF2}
	EndGlobalSection
	GlobalSection(ExtensibilityGlobals) = postSolution
		SolutionGuid = {5123C3C2-1082-41D7-8476-66D2500A8D51}
	EndGlobalSection
EndGlobal
